// !$*UTF8*$!
{
	archiveVersion = 1;
	classes = {
	};
	objectVersion = 77;
	objects = {

/* Begin PBXBuildFile section */
		0D942447A54B6267580FE7A9 /* SwiftUI.framework in Frameworks */ = {isa = PBXBuildFile; fileRef = DA8696BCD4A214E0E466081C /* SwiftUI.framework */; };
		41AFCF305C29E679B11C148B /* AppIntents.framework in Frameworks */ = {isa = PBXBuildFile; fileRef = 357B0A79BA0B978F20746EA4 /* AppIntents.framework */; };
		449B145F6A9337A25AED574E /* LifeClockWidgetExtension.appex in Embed App Extensions */ = {isa = PBXBuildFile; fileRef = 58EFADCA0783FCAEE9694A95 /* LifeClockWidgetExtension.appex */; };
		77B934CA362777A8CE5EF74D /* LifeClockWidget.swift in Sources */ = {isa = PBXBuildFile; fileRef = 1781CFDAB881A64BA7C4B5AF /* LifeClockWidget.swift */; };
		A7E8DB272108716BA768A4D2 /* Foundation.framework in Frameworks */ = {isa = PBXBuildFile; fileRef = CA59DD318CF6E392D46D22EA /* Foundation.framework */; };
		E0EF9439958490CEED789AF1 /* WidgetKit.framework in Frameworks */ = {isa = PBXBuildFile; fileRef = 64432F6CDED0C5F32FC52678 /* WidgetKit.framework */; };
/* End PBXBuildFile section */

/* Begin PBXContainerItemProxy section */
		75A9E1502F4DB4990016AE7B /* PBXContainerItemProxy */ = {
			isa = PBXContainerItemProxy;
			containerPortal = 75A9E1382F4DB4980016AE7B /* Project object */;
			proxyType = 1;
			remoteGlobalIDString = 75A9E13F2F4DB4980016AE7B;
			remoteInfo = LifeClock;
		};
		75A9E15A2F4DB4990016AE7B /* PBXContainerItemProxy */ = {
			isa = PBXContainerItemProxy;
			containerPortal = 75A9E1382F4DB4980016AE7B /* Project object */;
			proxyType = 1;
			remoteGlobalIDString = 75A9E13F2F4DB4980016AE7B;
			remoteInfo = LifeClock;
		};
		C743A9B479FDEF7C2F6DC18D /* PBXContainerItemProxy */ = {
			isa = PBXContainerItemProxy;
			containerPortal = 75A9E1382F4DB4980016AE7B /* Project object */;
			proxyType = 1;
			remoteGlobalIDString = 3A8000D14A3686B30AC14A92;
			remoteInfo = LifeClockWidgetExtension;
		};
/* End PBXContainerItemProxy section */

/* Begin PBXCopyFilesBuildPhase section */
		3918F18D1F038C6614F1F6CD /* Embed App Extensions */ = {
			isa = PBXCopyFilesBuildPhase;
			buildActionMask = 2147483647;
			dstPath = "";
			dstSubfolderSpec = 13;
			files = (
				449B145F6A9337A25AED574E /* LifeClockWidgetExtension.appex in Embed App Extensions */,
			);
			name = "Embed App Extensions";
			runOnlyForDeploymentPostprocessing = 0;
		};
/* End PBXCopyFilesBuildPhase section */

/* Begin PBXFileReference section */
		017C97EAC24C825E562694FD /* Info.plist */ = {isa = PBXFileReference; includeInIndex = 1; lastKnownFileType = text.plist.xml; name = Info.plist; path = LifeClockWidget/Info.plist; sourceTree = "<group>"; };
		1781CFDAB881A64BA7C4B5AF /* LifeClockWidget.swift */ = {isa = PBXFileReference; includeInIndex = 1; lastKnownFileType = sourcecode.swift; name = LifeClockWidget.swift; path = LifeClockWidget/LifeClockWidget.swift; sourceTree = "<group>"; };
		357B0A79BA0B978F20746EA4 /* AppIntents.framework */ = {isa = PBXFileReference; lastKnownFileType = wrapper.framework; name = AppIntents.framework; path = System/Library/Frameworks/AppIntents.framework; sourceTree = "<group>"; };
		58EFADCA0783FCAEE9694A95 /* LifeClockWidgetExtension.appex */ = {isa = PBXFileReference; explicitFileType = "wrapper.app-extension"; includeInIndex = 0; path = LifeClockWidgetExtension.appex; sourceTree = BUILT_PRODUCTS_DIR; };
		64432F6CDED0C5F32FC52678 /* WidgetKit.framework */ = {isa = PBXFileReference; lastKnownFileType = wrapper.framework; name = WidgetKit.framework; path = System/Library/Frameworks/WidgetKit.framework; sourceTree = "<group>"; };
		75A9E1402F4DB4980016AE7B /* LifeClock.app */ = {isa = PBXFileReference; explicitFileType = wrapper.application; includeInIndex = 0; path = LifeClock.app; sourceTree = BUILT_PRODUCTS_DIR; };
		75A9E14F2F4DB4990016AE7B /* LifeClockTests.xctest */ = {isa = PBXFileReference; explicitFileType = wrapper.cfbundle; includeInIndex = 0; path = LifeClockTests.xctest; sourceTree = BUILT_PRODUCTS_DIR; };
		75A9E1592F4DB4990016AE7B /* LifeClockUITests.xctest */ = {isa = PBXFileReference; explicitFileType = wrapper.cfbundle; includeInIndex = 0; path = LifeClockUITests.xctest; sourceTree = BUILT_PRODUCTS_DIR; };
		CA59DD318CF6E392D46D22EA /* Foundation.framework */ = {isa = PBXFileReference; lastKnownFileType = wrapper.framework; name = Foundation.framework; path = Platforms/iPhoneOS.platform/Developer/SDKs/iPhoneOS18.0.sdk/System/Library/Frameworks/Foundation.framework; sourceTree = DEVELOPER_DIR; };
		DA8696BCD4A214E0E466081C /* SwiftUI.framework */ = {isa = PBXFileReference; lastKnownFileType = wrapper.framework; name = SwiftUI.framework; path = System/Library/Frameworks/SwiftUI.framework; sourceTree = "<group>"; };
/* End PBXFileReference section */

/* Begin PBXFileSystemSynchronizedRootGroup section */
		75A9E1422F4DB4980016AE7B /* LifeClock */ = {
			isa = PBXFileSystemSynchronizedRootGroup;
			exceptions = (
			);
			path = LifeClock;
			sourceTree = "<group>";
		};
		75A9E1522F4DB4990016AE7B /* LifeClockTests */ = {
			isa = PBXFileSystemSynchronizedRootGroup;
			exceptions = (
			);
			path = LifeClockTests;
			sourceTree = "<group>";
		};
		75A9E15C2F4DB4990016AE7B /* LifeClockUITests */ = {
			isa = PBXFileSystemSynchronizedRootGroup;
			exceptions = (
			);
			path = LifeClockUITests;
			sourceTree = "<group>";
		};
/* End PBXFileSystemSynchronizedRootGroup section */

/* Begin PBXFrameworksBuildPhase section */
		2AFAE90149EDD90E29CC8BFE /* Frameworks */ = {
			isa = PBXFrameworksBuildPhase;
			buildActionMask = 2147483647;
			files = (
				A7E8DB272108716BA768A4D2 /* Foundation.framework in Frameworks */,
				E0EF9439958490CEED789AF1 /* WidgetKit.framework in Frameworks */,
				0D942447A54B6267580FE7A9 /* SwiftUI.framework in Frameworks */,
				41AFCF305C29E679B11C148B /* AppIntents.framework in Frameworks */,
			);
			runOnlyForDeploymentPostprocessing = 0;
		};
		75A9E13D2F4DB4980016AE7B /* Frameworks */ = {
			isa = PBXFrameworksBuildPhase;
			buildActionMask = 2147483647;
			files = (
			);
			runOnlyForDeploymentPostprocessing = 0;
		};
		75A9E14C2F4DB4990016AE7B /* Frameworks */ = {
			isa = PBXFrameworksBuildPhase;
			buildActionMask = 2147483647;
			files = (
			);
			runOnlyForDeploymentPostprocessing = 0;
		};
		75A9E1562F4DB4990016AE7B /* Frameworks */ = {
			isa = PBXFrameworksBuildPhase;
			buildActionMask = 2147483647;
			files = (
			);
			runOnlyForDeploymentPostprocessing = 0;
		};
/* End PBXFrameworksBuildPhase section */

/* Begin PBXGroup section */
		2047500D75D92F5A47BA038E /* iOS */ = {
			isa = PBXGroup;
			children = (
				CA59DD318CF6E392D46D22EA /* Foundation.framework */,
			);
			name = iOS;
			sourceTree = "<group>";
		};
		4CE5BB622ECAED1CC98E3B59 /* LifeClockWidget */ = {
			isa = PBXGroup;
			children = (
				1781CFDAB881A64BA7C4B5AF /* LifeClockWidget.swift */,
				017C97EAC24C825E562694FD /* Info.plist */,
			);
			name = LifeClockWidget;
			sourceTree = "<group>";
		};
		75A9E1372F4DB4980016AE7B = {
			isa = PBXGroup;
			children = (
				75A9E1422F4DB4980016AE7B /* LifeClock */,
				75A9E1522F4DB4990016AE7B /* LifeClockTests */,
				75A9E15C2F4DB4990016AE7B /* LifeClockUITests */,
				75A9E1412F4DB4980016AE7B /* Products */,
				8ED4461FA1594CBC19B2830E /* Frameworks */,
				4CE5BB622ECAED1CC98E3B59 /* LifeClockWidget */,
			);
			sourceTree = "<group>";
		};
		75A9E1412F4DB4980016AE7B /* Products */ = {
			isa = PBXGroup;
			children = (
				75A9E1402F4DB4980016AE7B /* LifeClock.app */,
				75A9E14F2F4DB4990016AE7B /* LifeClockTests.xctest */,
				75A9E1592F4DB4990016AE7B /* LifeClockUITests.xctest */,
				58EFADCA0783FCAEE9694A95 /* LifeClockWidgetExtension.appex */,
			);
			name = Products;
			sourceTree = "<group>";
		};
		8ED4461FA1594CBC19B2830E /* Frameworks */ = {
			isa = PBXGroup;
			children = (
				2047500D75D92F5A47BA038E /* iOS */,
				64432F6CDED0C5F32FC52678 /* WidgetKit.framework */,
				DA8696BCD4A214E0E466081C /* SwiftUI.framework */,
				357B0A79BA0B978F20746EA4 /* AppIntents.framework */,
			);
			name = Frameworks;
			sourceTree = "<group>";
		};
/* End PBXGroup section */

/* Begin PBXNativeTarget section */
		3A8000D14A3686B30AC14A92 /* LifeClockWidgetExtension */ = {
			isa = PBXNativeTarget;
			buildConfigurationList = CECB67717B2794325EFC28AD /* Build configuration list for PBXNativeTarget "LifeClockWidgetExtension" */;
			buildPhases = (
				3E236097262191117B8A1F51 /* Sources */,
				2AFAE90149EDD90E29CC8BFE /* Frameworks */,
				0ED5B552C69708FCFCDF1EF1 /* Resources */,
			);
			buildRules = (
			);
			dependencies = (
			);
			name = LifeClockWidgetExtension;
			productName = LifeClockWidgetExtension;
			productReference = 58EFADCA0783FCAEE9694A95 /* LifeClockWidgetExtension.appex */;
			productType = "com.apple.product-type.app-extension";
		};
		75A9E13F2F4DB4980016AE7B /* LifeClock */ = {
			isa = PBXNativeTarget;
			buildConfigurationList = 75A9E1632F4DB4990016AE7B /* Build configuration list for PBXNativeTarget "LifeClock" */;
			buildPhases = (
				75A9E13C2F4DB4980016AE7B /* Sources */,
				75A9E13D2F4DB4980016AE7B /* Frameworks */,
				75A9E13E2F4DB4980016AE7B /* Resources */,
				3918F18D1F038C6614F1F6CD /* Embed App Extensions */,
			);
			buildRules = (
			);
			dependencies = (
				E19A21D797E7D9A3A1407B61 /* PBXTargetDependency */,
			);
			fileSystemSynchronizedGroups = (
				75A9E1422F4DB4980016AE7B /* LifeClock */,
			);
			name = LifeClock;
			productName = LifeClock;
			productReference = 75A9E1402F4DB4980016AE7B /* LifeClock.app */;
			productType = "com.apple.product-type.application";
		};
		75A9E14E2F4DB4990016AE7B /* LifeClockTests */ = {
			isa = PBXNativeTarget;
			buildConfigurationList = 75A9E1662F4DB4990016AE7B /* Build configuration list for PBXNativeTarget "LifeClockTests" */;
			buildPhases = (
				75A9E14B2F4DB4990016AE7B /* Sources */,
				75A9E14C2F4DB4990016AE7B /* Frameworks */,
				75A9E14D2F4DB4990016AE7B /* Resources */,
			);
			buildRules = (
			);
			dependencies = (
				75A9E1512F4DB4990016AE7B /* PBXTargetDependency */,
			);
			fileSystemSynchronizedGroups = (
				75A9E1522F4DB4990016AE7B /* LifeClockTests */,
			);
			name = LifeClockTests;
			productName = LifeClockTests;
			productReference = 75A9E14F2F4DB4990016AE7B /* LifeClockTests.xctest */;
			productType = "com.apple.product-type.bundle.unit-test";
		};
		75A9E1582F4DB4990016AE7B /* LifeClockUITests */ = {
			isa = PBXNativeTarget;
			buildConfigurationList = 75A9E1692F4DB4990016AE7B /* Build configuration list for PBXNativeTarget "LifeClockUITests" */;
			buildPhases = (
				75A9E1552F4DB4990016AE7B /* Sources */,
				75A9E1562F4DB4990016AE7B /* Frameworks */,
				75A9E1572F4DB4990016AE7B /* Resources */,
			);
			buildRules = (
			);
			dependencies = (
				75A9E15B2F4DB4990016AE7B /* PBXTargetDependency */,
			);
			fileSystemSynchronizedGroups = (
				75A9E15C2F4DB4990016AE7B /* LifeClockUITests */,
			);
			name = LifeClockUITests;
			productName = LifeClockUITests;
			productReference = 75A9E1592F4DB4990016AE7B /* LifeClockUITests.xctest */;
			productType = "com.apple.product-type.bundle.ui-testing";
		};
/* End PBXNativeTarget section */

/* Begin PBXProject section */
		75A9E1382F4DB4980016AE7B /* Project object */ = {
			isa = PBXProject;
			attributes = {
				BuildIndependentTargetsInParallel = 1;
				LastSwiftUpdateCheck = 2600;
				LastUpgradeCheck = 2600;
				TargetAttributes = {
					75A9E13F2F4DB4980016AE7B = {
						CreatedOnToolsVersion = 26.0;
					};
					75A9E14E2F4DB4990016AE7B = {
						CreatedOnToolsVersion = 26.0;
						TestTargetID = 75A9E13F2F4DB4980016AE7B;
					};
					75A9E1582F4DB4990016AE7B = {
						CreatedOnToolsVersion = 26.0;
						TestTargetID = 75A9E13F2F4DB4980016AE7B;
					};
				};
			};
			buildConfigurationList = 75A9E13B2F4DB4980016AE7B /* Build configuration list for PBXProject "LifeClock" */;
			developmentRegion = en;
			hasScannedForEncodings = 0;
			knownRegions = (
				en,
				Base,
			);
			mainGroup = 75A9E1372F4DB4980016AE7B;
			minimizedProjectReferenceProxies = 1;
			preferredProjectObjectVersion = 77;
			productRefGroup = 75A9E1412F4DB4980016AE7B /* Products */;
			projectDirPath = "";
			projectRoot = "";
			targets = (
				75A9E13F2F4DB4980016AE7B /* LifeClock */,
				75A9E14E2F4DB4990016AE7B /* LifeClockTests */,
				75A9E1582F4DB4990016AE7B /* LifeClockUITests */,
				3A8000D14A3686B30AC14A92 /* LifeClockWidgetExtension */,
			);
		};
/* End PBXProject section */

/* Begin PBXResourcesBuildPhase section */
		0ED5B552C69708FCFCDF1EF1 /* Resources */ = {
			isa = PBXResourcesBuildPhase;
			buildActionMask = 2147483647;
			files = (
			);
			runOnlyForDeploymentPostprocessing = 0;
		};
		75A9E13E2F4DB4980016AE7B /* Resources */ = {
			isa = PBXResourcesBuildPhase;
			buildActionMask = 2147483647;
			files = (
			);
			runOnlyForDeploymentPostprocessing = 0;
		};
		75A9E14D2F4DB4990016AE7B /* Resources */ = {
			isa = PBXResourcesBuildPhase;
			buildActionMask = 2147483647;
			files = (
			);
			runOnlyForDeploymentPostprocessing = 0;
		};
		75A9E1572F4DB4990016AE7B /* Resources */ = {
			isa = PBXResourcesBuildPhase;
			buildActionMask = 2147483647;
			files = (
			);
			runOnlyForDeploymentPostprocessing = 0;
		};
/* End PBXResourcesBuildPhase section */

/* Begin PBXSourcesBuildPhase section */
		3E236097262191117B8A1F51 /* Sources */ = {
			isa = PBXSourcesBuildPhase;
			buildActionMask = 2147483647;
			files = (
				77B934CA362777A8CE5EF74D /* LifeClockWidget.swift in Sources */,
			);
			runOnlyForDeploymentPostprocessing = 0;
		};
		75A9E13C2F4DB4980016AE7B /* Sources */ = {
			isa = PBXSourcesBuildPhase;
			buildActionMask = 2147483647;
			files = (
			);
			runOnlyForDeploymentPostprocessing = 0;
		};
		75A9E14B2F4DB4990016AE7B /* Sources */ = {
			isa = PBXSourcesBuildPhase;
			buildActionMask = 2147483647;
			files = (
			);
			runOnlyForDeploymentPostprocessing = 0;
		};
		75A9E1552F4DB4990016AE7B /* Sources */ = {
			isa = PBXSourcesBuildPhase;
			buildActionMask = 2147483647;
			files = (
			);
			runOnlyForDeploymentPostprocessing = 0;
		};
/* End PBXSourcesBuildPhase section */

/* Begin PBXTargetDependency section */
		75A9E1512F4DB4990016AE7B /* PBXTargetDependency */ = {
			isa = PBXTargetDependency;
			target = 75A9E13F2F4DB4980016AE7B /* LifeClock */;
			targetProxy = 75A9E1502F4DB4990016AE7B /* PBXContainerItemProxy */;
		};
		75A9E15B2F4DB4990016AE7B /* PBXTargetDependency */ = {
			isa = PBXTargetDependency;
			target = 75A9E13F2F4DB4980016AE7B /* LifeClock */;
			targetProxy = 75A9E15A2F4DB4990016AE7B /* PBXContainerItemProxy */;
		};
		E19A21D797E7D9A3A1407B61 /* PBXTargetDependency */ = {
			isa = PBXTargetDependency;
			name = LifeClockWidgetExtension;
			target = 3A8000D14A3686B30AC14A92 /* LifeClockWidgetExtension */;
			targetProxy = C743A9B479FDEF7C2F6DC18D /* PBXContainerItemProxy */;
		};
/* End PBXTargetDependency section */

/* Begin XCBuildConfiguration section */
		75A9E1612F4DB4990016AE7B /* Debug */ = {
			isa = XCBuildConfiguration;
			buildSettings = {
				ALWAYS_SEARCH_USER_PATHS = NO;
				ASSETCATALOG_COMPILER_GENERATE_SWIFT_ASSET_SYMBOL_EXTENSIONS = YES;
				CLANG_ANALYZER_NONNULL = YES;
				CLANG_ANALYZER_NUMBER_OBJECT_CONVERSION = YES_AGGRESSIVE;
				CLANG_CXX_LANGUAGE_STANDARD = "gnu++20";
				CLANG_ENABLE_MODULES = YES;
				CLANG_ENABLE_OBJC_ARC = YES;
				CLANG_ENABLE_OBJC_WEAK = YES;
				CLANG_WARN_BLOCK_CAPTURE_AUTORELEASING = YES;
				CLANG_WARN_BOOL_CONVERSION = YES;
				CLANG_WARN_COMMA = YES;
				CLANG_WARN_CONSTANT_CONVERSION = YES;
				CLANG_WARN_DEPRECATED_OBJC_IMPLEMENTATIONS = YES;
				CLANG_WARN_DIRECT_OBJC_ISA_USAGE = YES_ERROR;
				CLANG_WARN_DOCUMENTATION_COMMENTS = YES;
				CLANG_WARN_EMPTY_BODY = YES;
				CLANG_WARN_ENUM_CONVERSION = YES;
				CLANG_WARN_INFINITE_RECURSION = YES;
				CLANG_WARN_INT_CONVERSION = YES;
				CLANG_WARN_NON_LITERAL_NULL_CONVERSION = YES;
				CLANG_WARN_OBJC_IMPLICIT_RETAIN_SELF = YES;
				CLANG_WARN_OBJC_LITERAL_CONVERSION = YES;
				CLANG_WARN_OBJC_ROOT_CLASS = YES_ERROR;
				CLANG_WARN_QUOTED_INCLUDE_IN_FRAMEWORK_HEADER = YES;
				CLANG_WARN_RANGE_LOOP_ANALYSIS = YES;
				CLANG_WARN_STRICT_PROTOTYPES = YES;
				CLANG_WARN_SUSPICIOUS_MOVE = YES;
				CLANG_WARN_UNGUARDED_AVAILABILITY = YES_AGGRESSIVE;
				CLANG_WARN_UNREACHABLE_CODE = YES;
				CLANG_WARN__DUPLICATE_METHOD_MATCH = YES;
				COPY_PHASE_STRIP = NO;
				DEBUG_INFORMATION_FORMAT = dwarf;
				DEVELOPMENT_TEAM = LPPZFWPAN7;
				ENABLE_STRICT_OBJC_MSGSEND = YES;
				ENABLE_TESTABILITY = YES;
				ENABLE_USER_SCRIPT_SANDBOXING = YES;
				GCC_C_LANGUAGE_STANDARD = gnu17;
				GCC_DYNAMIC_NO_PIC = NO;
				GCC_NO_COMMON_BLOCKS = YES;
				GCC_OPTIMIZATION_LEVEL = 0;
				GCC_PREPROCESSOR_DEFINITIONS = (
					"DEBUG=1",
					"$(inherited)",
				);
				GCC_WARN_64_TO_32_BIT_CONVERSION = YES;
				GCC_WARN_ABOUT_RETURN_TYPE = YES_ERROR;
				GCC_WARN_UNDECLARED_SELECTOR = YES;
				GCC_WARN_UNINITIALIZED_AUTOS = YES_AGGRESSIVE;
				GCC_WARN_UNUSED_FUNCTION = YES;
				GCC_WARN_UNUSED_VARIABLE = YES;
				IPHONEOS_DEPLOYMENT_TARGET = 26.0;
				LOCALIZATION_PREFERS_STRING_CATALOGS = YES;
				MTL_ENABLE_DEBUG_INFO = INCLUDE_SOURCE;
				MTL_FAST_MATH = YES;
				ONLY_ACTIVE_ARCH = YES;
				SDKROOT = iphoneos;
				SWIFT_ACTIVE_COMPILATION_CONDITIONS = "DEBUG $(inherited)";
				SWIFT_OPTIMIZATION_LEVEL = "-Onone";
			};
			name = Debug;
		};
		75A9E1622F4DB4990016AE7B /* Release */ = {
			isa = XCBuildConfiguration;
			buildSettings = {
				ALWAYS_SEARCH_USER_PATHS = NO;
				ASSETCATALOG_COMPILER_GENERATE_SWIFT_ASSET_SYMBOL_EXTENSIONS = YES;
				CLANG_ANALYZER_NONNULL = YES;
				CLANG_ANALYZER_NUMBER_OBJECT_CONVERSION = YES_AGGRESSIVE;
				CLANG_CXX_LANGUAGE_STANDARD = "gnu++20";
				CLANG_ENABLE_MODULES = YES;
				CLANG_ENABLE_OBJC_ARC = YES;
				CLANG_ENABLE_OBJC_WEAK = YES;
				CLANG_WARN_BLOCK_CAPTURE_AUTORELEASING = YES;
				CLANG_WARN_BOOL_CONVERSION = YES;
				CLANG_WARN_COMMA = YES;
				CLANG_WARN_CONSTANT_CONVERSION = YES;
				CLANG_WARN_DEPRECATED_OBJC_IMPLEMENTATIONS = YES;
				CLANG_WARN_DIRECT_OBJC_ISA_USAGE = YES_ERROR;
				CLANG_WARN_DOCUMENTATION_COMMENTS = YES;
				CLANG_WARN_EMPTY_BODY = YES;
				CLANG_WARN_ENUM_CONVERSION = YES;
				CLANG_WARN_INFINITE_RECURSION = YES;
				CLANG_WARN_INT_CONVERSION = YES;
				CLANG_WARN_NON_LITERAL_NULL_CONVERSION = YES;
				CLANG_WARN_OBJC_IMPLICIT_RETAIN_SELF = YES;
				CLANG_WARN_OBJC_LITERAL_CONVERSION = YES;
				CLANG_WARN_OBJC_ROOT_CLASS = YES_ERROR;
				CLANG_WARN_QUOTED_INCLUDE_IN_FRAMEWORK_HEADER = YES;
				CLANG_WARN_RANGE_LOOP_ANALYSIS = YES;
				CLANG_WARN_STRICT_PROTOTYPES = YES;
				CLANG_WARN_SUSPICIOUS_MOVE = YES;
				CLANG_WARN_UNGUARDED_AVAILABILITY = YES_AGGRESSIVE;
				CLANG_WARN_UNREACHABLE_CODE = YES;
				CLANG_WARN__DUPLICATE_METHOD_MATCH = YES;
				COPY_PHASE_STRIP = NO;
				DEBUG_INFORMATION_FORMAT = "dwarf-with-dsym";
				DEVELOPMENT_TEAM = LPPZFWPAN7;
				ENABLE_NS_ASSERTIONS = NO;
				ENABLE_STRICT_OBJC_MSGSEND = YES;
				ENABLE_USER_SCRIPT_SANDBOXING = YES;
				GCC_C_LANGUAGE_STANDARD = gnu17;
				GCC_NO_COMMON_BLOCKS = YES;
				GCC_WARN_64_TO_32_BIT_CONVERSION = YES;
				GCC_WARN_ABOUT_RETURN_TYPE = YES_ERROR;
				GCC_WARN_UNDECLARED_SELECTOR = YES;
				GCC_WARN_UNINITIALIZED_AUTOS = YES_AGGRESSIVE;
				GCC_WARN_UNUSED_FUNCTION = YES;
				GCC_WARN_UNUSED_VARIABLE = YES;
				IPHONEOS_DEPLOYMENT_TARGET = 26.0;
				LOCALIZATION_PREFERS_STRING_CATALOGS = YES;
				MTL_ENABLE_DEBUG_INFO = NO;
				MTL_FAST_MATH = YES;
				SDKROOT = iphoneos;
				SWIFT_COMPILATION_MODE = wholemodule;
				VALIDATE_PRODUCT = YES;
			};
			name = Release;
		};
		75A9E1642F4DB4990016AE7B /* Debug */ = {
			isa = XCBuildConfiguration;
			buildSettings = {
				ASSETCATALOG_COMPILER_APPICON_NAME = AppIcon;
				ASSETCATALOG_COMPILER_GLOBAL_ACCENT_COLOR_NAME = AccentColor;
				CODE_SIGN_STYLE = Automatic;
				CURRENT_PROJECT_VERSION = 1;
				DEVELOPMENT_TEAM = LPPZFWPAN7;
				ENABLE_PREVIEWS = YES;
				GENERATE_INFOPLIST_FILE = YES;
				INFOPLIST_KEY_UIApplicationSceneManifest_Generation = YES;
				INFOPLIST_KEY_UIApplicationSupportsIndirectInputEvents = YES;
				INFOPLIST_KEY_UILaunchScreen_Generation = YES;
				INFOPLIST_KEY_UISupportedInterfaceOrientations_iPad = "UIInterfaceOrientationPortrait UIInterfaceOrientationPortraitUpsideDown UIInterfaceOrientationLandscapeLeft UIInterfaceOrientationLandscapeRight";
				INFOPLIST_KEY_UISupportedInterfaceOrientations_iPhone = "UIInterfaceOrientationPortrait UIInterfaceOrientationLandscapeLeft UIInterfaceOrientationLandscapeRight";
				LD_RUNPATH_SEARCH_PATHS = (
					"$(inherited)",
					"@executable_path/Frameworks",
				);
				MARKETING_VERSION = 1.0;
				PRODUCT_BUNDLE_IDENTIFIER = com.GA.LifeClock;
				PRODUCT_NAME = "$(TARGET_NAME)";
				STRING_CATALOG_GENERATE_SYMBOLS = YES;
				SWIFT_APPROACHABLE_CONCURRENCY = YES;
				SWIFT_DEFAULT_ACTOR_ISOLATION = MainActor;
				SWIFT_EMIT_LOC_STRINGS = YES;
				SWIFT_UPCOMING_FEATURE_MEMBER_IMPORT_VISIBILITY = YES;
				SWIFT_VERSION = 5.0;
				TARGETED_DEVICE_FAMILY = "1,2";
			};
			name = Debug;
		};
		75A9E1652F4DB4990016AE7B /* Release */ = {
			isa = XCBuildConfiguration;
			buildSettings = {
				ASSETCATALOG_COMPILER_APPICON_NAME = AppIcon;
				ASSETCATALOG_COMPILER_GLOBAL_ACCENT_COLOR_NAME = AccentColor;
				CODE_SIGN_STYLE = Automatic;
				CURRENT_PROJECT_VERSION = 1;
				DEVELOPMENT_TEAM = LPPZFWPAN7;
				ENABLE_PREVIEWS = YES;
				GENERATE_INFOPLIST_FILE = YES;
				INFOPLIST_KEY_UIApplicationSceneManifest_Generation = YES;
				INFOPLIST_KEY_UIApplicationSupportsIndirectInputEvents = YES;
				INFOPLIST_KEY_UILaunchScreen_Generation = YES;
				INFOPLIST_KEY_UISupportedInterfaceOrientations_iPad = "UIInterfaceOrientationPortrait UIInterfaceOrientationPortraitUpsideDown UIInterfaceOrientationLandscapeLeft UIInterfaceOrientationLandscapeRight";
				INFOPLIST_KEY_UISupportedInterfaceOrientations_iPhone = "UIInterfaceOrientationPortrait UIInterfaceOrientationLandscapeLeft UIInterfaceOrientationLandscapeRight";
				LD_RUNPATH_SEARCH_PATHS = (
					"$(inherited)",
					"@executable_path/Frameworks",
				);
				MARKETING_VERSION = 1.0;
				PRODUCT_BUNDLE_IDENTIFIER = com.GA.LifeClock;
				PRODUCT_NAME = "$(TARGET_NAME)";
				STRING_CATALOG_GENERATE_SYMBOLS = YES;
				SWIFT_APPROACHABLE_CONCURRENCY = YES;
				SWIFT_DEFAULT_ACTOR_ISOLATION = MainActor;
				SWIFT_EMIT_LOC_STRINGS = YES;
				SWIFT_UPCOMING_FEATURE_MEMBER_IMPORT_VISIBILITY = YES;
				SWIFT_VERSION = 5.0;
				TARGETED_DEVICE_FAMILY = "1,2";
			};
			name = Release;
		};
		75A9E1672F4DB4990016AE7B /* Debug */ = {
			isa = XCBuildConfiguration;
			buildSettings = {
				BUNDLE_LOADER = "$(TEST_HOST)";
				CODE_SIGN_STYLE = Automatic;
				CURRENT_PROJECT_VERSION = 1;
				DEVELOPMENT_TEAM = LPPZFWPAN7;
				GENERATE_INFOPLIST_FILE = YES;
				IPHONEOS_DEPLOYMENT_TARGET = 26.0;
				MARKETING_VERSION = 1.0;
				PRODUCT_BUNDLE_IDENTIFIER = com.GA.LifeClockTests;
				PRODUCT_NAME = "$(TARGET_NAME)";
				STRING_CATALOG_GENERATE_SYMBOLS = NO;
				SWIFT_APPROACHABLE_CONCURRENCY = YES;
				SWIFT_EMIT_LOC_STRINGS = NO;
				SWIFT_UPCOMING_FEATURE_MEMBER_IMPORT_VISIBILITY = YES;
				SWIFT_VERSION = 5.0;
				TARGETED_DEVICE_FAMILY = "1,2";
				TEST_HOST = "$(BUILT_PRODUCTS_DIR)/LifeClock.app/$(BUNDLE_EXECUTABLE_FOLDER_PATH)/LifeClock";
			};
			name = Debug;
		};
		75A9E1682F4DB4990016AE7B /* Release */ = {
			isa = XCBuildConfiguration;
			buildSettings = {
				BUNDLE_LOADER = "$(TEST_HOST)";
				CODE_SIGN_STYLE = Automatic;
				CURRENT_PROJECT_VERSION = 1;
				DEVELOPMENT_TEAM = LPPZFWPAN7;
				GENERATE_INFOPLIST_FILE = YES;
				IPHONEOS_DEPLOYMENT_TARGET = 26.0;
				MARKETING_VERSION = 1.0;
				PRODUCT_BUNDLE_IDENTIFIER = com.GA.LifeClockTests;
				PRODUCT_NAME = "$(TARGET_NAME)";
				STRING_CATALOG_GENERATE_SYMBOLS = NO;
				SWIFT_APPROACHABLE_CONCURRENCY = YES;
				SWIFT_EMIT_LOC_STRINGS = NO;
				SWIFT_UPCOMING_FEATURE_MEMBER_IMPORT_VISIBILITY = YES;
				SWIFT_VERSION = 5.0;
				TARGETED_DEVICE_FAMILY = "1,2";
				TEST_HOST = "$(BUILT_PRODUCTS_DIR)/LifeClock.app/$(BUNDLE_EXECUTABLE_FOLDER_PATH)/LifeClock";
			};
			name = Release;
		};
		75A9E16A2F4DB4990016AE7B /* Debug */ = {
			isa = XCBuildConfiguration;
			buildSettings = {
				CODE_SIGN_STYLE = Automatic;
				CURRENT_PROJECT_VERSION = 1;
				DEVELOPMENT_TEAM = LPPZFWPAN7;
				GENERATE_INFOPLIST_FILE = YES;
				MARKETING_VERSION = 1.0;
				PRODUCT_BUNDLE_IDENTIFIER = com.GA.LifeClockUITests;
				PRODUCT_NAME = "$(TARGET_NAME)";
				STRING_CATALOG_GENERATE_SYMBOLS = NO;
				SWIFT_APPROACHABLE_CONCURRENCY = YES;
				SWIFT_EMIT_LOC_STRINGS = NO;
				SWIFT_UPCOMING_FEATURE_MEMBER_IMPORT_VISIBILITY = YES;
				SWIFT_VERSION = 5.0;
				TARGETED_DEVICE_FAMILY = "1,2";
				TEST_TARGET_NAME = LifeClock;
			};
			name = Debug;
		};
		75A9E16B2F4DB4990016AE7B /* Release */ = {
			isa = XCBuildConfiguration;
			buildSettings = {
				CODE_SIGN_STYLE = Automatic;
				CURRENT_PROJECT_VERSION = 1;
				DEVELOPMENT_TEAM = LPPZFWPAN7;
				GENERATE_INFOPLIST_FILE = YES;
				MARKETING_VERSION = 1.0;
				PRODUCT_BUNDLE_IDENTIFIER = com.GA.LifeClockUITests;
				PRODUCT_NAME = "$(TARGET_NAME)";
				STRING_CATALOG_GENERATE_SYMBOLS = NO;
				SWIFT_APPROACHABLE_CONCURRENCY = YES;
				SWIFT_EMIT_LOC_STRINGS = NO;
				SWIFT_UPCOMING_FEATURE_MEMBER_IMPORT_VISIBILITY = YES;
				SWIFT_VERSION = 5.0;
				TARGETED_DEVICE_FAMILY = "1,2";
				TEST_TARGET_NAME = LifeClock;
			};
			name = Release;
		};
		BB9AD3EC146D8D34422BCFB2 /* Debug */ = {
			isa = XCBuildConfiguration;
			buildSettings = {
				APPLICATION_EXTENSION_API_ONLY = YES;
				CLANG_ENABLE_OBJC_WEAK = NO;
				CODE_SIGN_STYLE = Automatic;
				DEVELOPMENT_TEAM = LPPZFWPAN7;
				GENERATE_INFOPLIST_FILE = NO;
				INFOPLIST_FILE = LifeClockWidget/Info.plist;
				IPHONEOS_DEPLOYMENT_TARGET = 26.0;
				PRODUCT_BUNDLE_IDENTIFIER = com.GA.LifeClock.widget;
				PRODUCT_NAME = LifeClockWidgetExtension;
				SDKROOT = iphoneos;
				SKIP_INSTALL = YES;
				SWIFT_VERSION = 5.0;
				TARGETED_DEVICE_FAMILY = "1,2";
			};
			name = Debug;
		};
		C081C7A2E45A1A18FAEE4458 /* Release */ = {
			isa = XCBuildConfiguration;
			buildSettings = {
				APPLICATION_EXTENSION_API_ONLY = YES;
				CLANG_ENABLE_OBJC_WEAK = NO;
				CODE_SIGN_STYLE = Automatic;
				DEVELOPMENT_TEAM = LPPZFWPAN7;
				GENERATE_INFOPLIST_FILE = NO;
				INFOPLIST_FILE = LifeClockWidget/Info.plist;
				IPHONEOS_DEPLOYMENT_TARGET = 26.0;
				PRODUCT_BUNDLE_IDENTIFIER = com.GA.LifeClock.widget;
				PRODUCT_NAME = LifeClockWidgetExtension;
				SDKROOT = iphoneos;
				SKIP_INSTALL = YES;
				SWIFT_VERSION = 5.0;
				TARGETED_DEVICE_FAMILY = "1,2";
				VALIDATE_PRODUCT = YES;
			};
			name = Release;
		};
/* End XCBuildConfiguration section */

/* Begin XCConfigurationList section */
		75A9E13B2F4DB4980016AE7B /* Build configuration list for PBXProject "LifeClock" */ = {
			isa = XCConfigurationList;
			buildConfigurations = (
				75A9E1612F4DB4990016AE7B /* Debug */,
				75A9E1622F4DB4990016AE7B /* Release */,
			);
			defaultConfigurationIsVisible = 0;
			defaultConfigurationName = Release;
		};
		75A9E1632F4DB4990016AE7B /* Build configuration list for PBXNativeTarget "LifeClock" */ = {
			isa = XCConfigurationList;
			buildConfigurations = (
				75A9E1642F4DB4990016AE7B /* Debug */,
				75A9E1652F4DB4990016AE7B /* Release */,
			);
			defaultConfigurationIsVisible = 0;
			defaultConfigurationName = Release;
		};
		75A9E1662F4DB4990016AE7B /* Build configuration list for PBXNativeTarget "LifeClockTests" */ = {
			isa = XCConfigurationList;
			buildConfigurations = (
				75A9E1672F4DB4990016AE7B /* Debug */,
				75A9E1682F4DB4990016AE7B /* Release */,
			);
			defaultConfigurationIsVisible = 0;
			defaultConfigurationName = Release;
		};
		75A9E1692F4DB4990016AE7B /* Build configuration list for PBXNativeTarget "LifeClockUITests" */ = {
			isa = XCConfigurationList;
			buildConfigurations = (
				75A9E16A2F4DB4990016AE7B /* Debug */,
				75A9E16B2F4DB4990016AE7B /* Release */,
			);
			defaultConfigurationIsVisible = 0;
			defaultConfigurationName = Release;
		};
		CECB67717B2794325EFC28AD /* Build configuration list for PBXNativeTarget "LifeClockWidgetExtension" */ = {
			isa = XCConfigurationList;
			buildConfigurations = (
				C081C7A2E45A1A18FAEE4458 /* Release */,
				BB9AD3EC146D8D34422BCFB2 /* Debug */,
			);
			defaultConfigurationIsVisible = 0;
			defaultConfigurationName = Release;
		};
/* End XCConfigurationList section */
	};
	rootObject = 75A9E1382F4DB4980016AE7B /* Project object */;
}
